
Microsoft Visual Studio Solution File, Format Version 12.00
# Visual Studio 15
VisualStudioVersion = 15.0.28307.329
MinimumVisualStudioVersion = 10.0.40219.1
Project("{FAE04EC0-301F-11D3-BF4B-00C04F79EFBC}") = "Builder", "SecondHomeworkDP\Builder.csproj", "{9626C618-044A-425C-A0E3-D99502261243}"
EndProject
Project("{FAE04EC0-301F-11D3-BF4B-00C04F79EFBC}") = "Factory", "Factory\Factory.csproj", "{5FF3201B-3268-4CBE-AC54-47B852500FC7}"
EndProject
Project("{FAE04EC0-301F-11D3-BF4B-00C04F79EFBC}") = "Singleton", "Singleton\Singleton.csproj", "{C6ECCC3D-CD94-4931-AA6B-F32B03FF4BF1}"
EndProject
Project("{FAE04EC0-301F-11D3-BF4B-00C04F79EFBC}") = "Prototype", "Prototype\Prototype.csproj", "{85178141-9BE9-49A4-AF66-96DB69DF56BF}"
EndProject
Global
	GlobalSection(SolutionConfigurationPlatforms) = preSolution
		Debug|Any CPU = Debug|Any CPU
		Release|Any CPU = Release|Any CPU
	EndGlobalSection
	GlobalSection(ProjectConfigurationPlatforms) = postSolution
		{9626C618-044A-425C-A0E3-D99502261243}.Debug|Any CPU.ActiveCfg = Debug|Any CPU
		{9626C618-044A-425C-A0E3-D99502261243}.Debug|Any CPU.Build.0 = Debug|Any CPU
		{9626C618-044A-425C-A0E3-D99502261243}.Release|Any CPU.ActiveCfg = Release|Any CPU
		{9626C618-044A-425C-A0E3-D99502261243}.Release|Any CPU.Build.0 = Release|Any CPU
		{5FF3201B-3268-4CBE-AC54-47B852500FC7}.Debug|Any CPU.ActiveCfg = Debug|Any CPU
		{5FF3201B-3268-4CBE-AC54-47B852500FC7}.Debug|Any CPU.Build.0 = Debug|Any CPU
		{5FF3201B-3268-4CBE-AC54-47B852500FC7}.Release|Any CPU.ActiveCfg = Release|Any CPU
		{5FF3201B-3268-4CBE-AC54-47B852500FC7}.Release|Any CPU.Build.0 = Release|Any CPU
		{C6ECCC3D-CD94-4931-AA6B-F32B03FF4BF1}.Debug|Any CPU.ActiveCfg = Debug|Any CPU
		{C6ECCC3D-CD94-4931-AA6B-F32B03FF4BF1}.Debug|Any CPU.Build.0 = Debug|Any CPU
		{C6ECCC3D-CD94-4931-AA6B-F32B03FF4BF1}.Release|Any CPU.ActiveCfg = Release|Any CPU
		{C6ECCC3D-CD94-4931-AA6B-F32B03FF4BF1}.Release|Any CPU.Build.0 = Release|Any CPU
		{85178141-9BE9-49A4-AF66-96DB69DF56BF}.Debug|Any CPU.ActiveCfg = Debug|Any CPU
		{85178141-9BE9-49A4-AF66-96DB69DF56BF}.Debug|Any CPU.Build.0 = Debug|Any CPU
		{85178141-9BE9-49A4-AF66-96DB69DF56BF}.Release|Any CPU.ActiveCfg = Release|Any CPU
		{85178141-9BE9-49A4-AF66-96DB69DF56BF}.Release|Any CPU.Build.0 = Release|Any CPU
	EndGlobalSection
	GlobalSection(SolutionProperties) = preSolution
		HideSolutionNode = FALSE
	EndGlobalSection
	GlobalSection(ExtensibilityGlobals) = postSolution
		SolutionGuid = {5DF34CC7-1D37-4815-90CD-6996D8656F1F}
	EndGlobalSection
EndGlobal
